// !$*UTF8*$!
{
	archiveVersion = 1;
	classes = {
	};
	objectVersion = 46;
	objects = {

/* Begin PBXBuildFile section */
		2208481F16BE388600659BB8 /* OMTChannelEngine.h in Headers */ = {isa = PBXBuildFile; fileRef = 2208481D16BE388600659BB8 /* OMTChannelEngine.h */; };
		2208482016BE388600659BB8 /* OMTChannelEngine.m in Sources */ = {isa = PBXBuildFile; fileRef = 2208481E16BE388600659BB8 /* OMTChannelEngine.m */; };
		22302C691621EA170092A569 /* InfoPlist.strings in Resources */ = {isa = PBXBuildFile; fileRef = 22302C671621EA170092A569 /* InfoPlist.strings */; };
		22302C9F1621EA950092A569 /* iOmniataAPI.h in Headers */ = {isa = PBXBuildFile; fileRef = 22302C701621EA940092A569 /* iOmniataAPI.h */; settings = {ATTRIBUTES = (Public, ); }; };
		22302CA01621EA950092A569 /* iOmniataAPI.m in Sources */ = {isa = PBXBuildFile; fileRef = 22302C711621EA940092A569 /* iOmniataAPI.m */; };
		22302CA11621EA950092A569 /* Logger.h in Headers */ = {isa = PBXBuildFile; fileRef = 22302C721621EA940092A569 /* Logger.h */; };
		22302CA21621EA950092A569 /* Logger.m in Sources */ = {isa = PBXBuildFile; fileRef = 22302C731621EA940092A569 /* Logger.m */; };
		22302CA61621EA950092A569 /* OMTConfig.h in Headers */ = {isa = PBXBuildFile; fileRef = 22302C771621EA940092A569 /* OMTConfig.h */; };
		22302CA71621EA950092A569 /* OMTConfig.m in Sources */ = {isa = PBXBuildFile; fileRef = 22302C781621EA940092A569 /* OMTConfig.m */; };
		22302CA81621EA950092A569 /* OMTConstants.h in Headers */ = {isa = PBXBuildFile; fileRef = 22302C791621EA940092A569 /* OMTConstants.h */; };
		22302CA91621EA950092A569 /* OMTConstants.m in Sources */ = {isa = PBXBuildFile; fileRef = 22302C7A1621EA940092A569 /* OMTConstants.m */; };
		22302CAA1621EA950092A569 /* OMTEngine.h in Headers */ = {isa = PBXBuildFile; fileRef = 22302C7B1621EA940092A569 /* OMTEngine.h */; };
		22302CAB1621EA950092A569 /* OMTEngine.m in Sources */ = {isa = PBXBuildFile; fileRef = 22302C7C1621EA940092A569 /* OMTEngine.m */; };
		22302CAC1621EA950092A569 /* OMTEvent.h in Headers */ = {isa = PBXBuildFile; fileRef = 22302C7D1621EA940092A569 /* OMTEvent.h */; };
		22302CAD1621EA950092A569 /* OMTEvent.m in Sources */ = {isa = PBXBuildFile; fileRef = 22302C7E1621EA940092A569 /* OMTEvent.m */; };
		22302CAE1621EA950092A569 /* OMTQueue.h in Headers */ = {isa = PBXBuildFile; fileRef = 22302C7F1621EA940092A569 /* OMTQueue.h */; };
		22302CAF1621EA950092A569 /* OMTQueue.m in Sources */ = {isa = PBXBuildFile; fileRef = 22302C801621EA940092A569 /* OMTQueue.m */; };
		22302CB01621EA950092A569 /* OMTUtils.h in Headers */ = {isa = PBXBuildFile; fileRef = 22302C811621EA940092A569 /* OMTUtils.h */; };
		22302CB11621EA950092A569 /* OMTUtils.m in Sources */ = {isa = PBXBuildFile; fileRef = 22302C821621EA940092A569 /* OMTUtils.m */; };
		22302CB21621EA950092A569 /* Reachability.h in Headers */ = {isa = PBXBuildFile; fileRef = 22302C831621EA940092A569 /* Reachability.h */; };
		22302CB31621EA950092A569 /* Reachability.m in Sources */ = {isa = PBXBuildFile; fileRef = 22302C841621EA940092A569 /* Reachability.m */; };
		C3B9E2EB19099A7000E37C8E /* OmNSObject+SBJson.h in Headers */ = {isa = PBXBuildFile; fileRef = C3B9E2D219099A7000E37C8E /* OmNSObject+SBJson.h */; };
		C3B9E2EC19099A7000E37C8E /* OmNSObject+SBJson.m in Sources */ = {isa = PBXBuildFile; fileRef = C3B9E2D319099A7000E37C8E /* OmNSObject+SBJson.m */; };
		C3B9E2ED19099A7000E37C8E /* OmSBJson.h in Headers */ = {isa = PBXBuildFile; fileRef = C3B9E2D419099A7000E37C8E /* OmSBJson.h */; };
		C3B9E2EE19099A7000E37C8E /* OmSBJsonParser.h in Headers */ = {isa = PBXBuildFile; fileRef = C3B9E2D519099A7000E37C8E /* OmSBJsonParser.h */; };
		C3B9E2EF19099A7000E37C8E /* OmSBJsonParser.m in Sources */ = {isa = PBXBuildFile; fileRef = C3B9E2D619099A7000E37C8E /* OmSBJsonParser.m */; };
		C3B9E2F019099A7000E37C8E /* OmSBJsonStreamParser.h in Headers */ = {isa = PBXBuildFile; fileRef = C3B9E2D719099A7000E37C8E /* OmSBJsonStreamParser.h */; };
		C3B9E2F119099A7000E37C8E /* OmSBJsonStreamParser.m in Sources */ = {isa = PBXBuildFile; fileRef = C3B9E2D819099A7000E37C8E /* OmSBJsonStreamParser.m */; };
		C3B9E2F219099A7000E37C8E /* OmSBJsonStreamParserAccumulator.h in Headers */ = {isa = PBXBuildFile; fileRef = C3B9E2D919099A7000E37C8E /* OmSBJsonStreamParserAccumulator.h */; };
		C3B9E2F319099A7000E37C8E /* OmSBJsonStreamParserAccumulator.m in Sources */ = {isa = PBXBuildFile; fileRef = C3B9E2DA19099A7000E37C8E /* OmSBJsonStreamParserAccumulator.m */; };
		C3B9E2F419099A7000E37C8E /* OmSBJsonStreamParserAdapter.h in Headers */ = {isa = PBXBuildFile; fileRef = C3B9E2DB19099A7000E37C8E /* OmSBJsonStreamParserAdapter.h */; };
		C3B9E2F519099A7000E37C8E /* OmSBJsonStreamParserAdapter.m in Sources */ = {isa = PBXBuildFile; fileRef = C3B9E2DC19099A7000E37C8E /* OmSBJsonStreamParserAdapter.m */; };
		C3B9E2F619099A7000E37C8E /* OmSBJsonStreamParserState.h in Headers */ = {isa = PBXBuildFile; fileRef = C3B9E2DD19099A7000E37C8E /* OmSBJsonStreamParserState.h */; };
		C3B9E2F719099A7000E37C8E /* OmSBJsonStreamParserState.m in Sources */ = {isa = PBXBuildFile; fileRef = C3B9E2DE19099A7000E37C8E /* OmSBJsonStreamParserState.m */; };
		C3B9E2F819099A7000E37C8E /* OmSBJsonStreamWriter.h in Headers */ = {isa = PBXBuildFile; fileRef = C3B9E2DF19099A7000E37C8E /* OmSBJsonStreamWriter.h */; };
		C3B9E2F919099A7000E37C8E /* OmSBJsonStreamWriter.m in Sources */ = {isa = PBXBuildFile; fileRef = C3B9E2E019099A7000E37C8E /* OmSBJsonStreamWriter.m */; };
		C3B9E2FA19099A7000E37C8E /* OmSBJsonStreamWriterAccumulator.h in Headers */ = {isa = PBXBuildFile; fileRef = C3B9E2E119099A7000E37C8E /* OmSBJsonStreamWriterAccumulator.h */; };
		C3B9E2FB19099A7000E37C8E /* OmSBJsonStreamWriterAccumulator.m in Sources */ = {isa = PBXBuildFile; fileRef = C3B9E2E219099A7000E37C8E /* OmSBJsonStreamWriterAccumulator.m */; };
		C3B9E2FC19099A7000E37C8E /* OmSBJsonStreamWriterState.h in Headers */ = {isa = PBXBuildFile; fileRef = C3B9E2E319099A7000E37C8E /* OmSBJsonStreamWriterState.h */; };
		C3B9E2FD19099A7000E37C8E /* OmSBJsonStreamWriterState.m in Sources */ = {isa = PBXBuildFile; fileRef = C3B9E2E419099A7000E37C8E /* OmSBJsonStreamWriterState.m */; };
		C3B9E2FE19099A7000E37C8E /* OmSBJsonTokeniser.h in Headers */ = {isa = PBXBuildFile; fileRef = C3B9E2E519099A7000E37C8E /* OmSBJsonTokeniser.h */; };
		C3B9E2FF19099A7000E37C8E /* OmSBJsonTokeniser.m in Sources */ = {isa = PBXBuildFile; fileRef = C3B9E2E619099A7000E37C8E /* OmSBJsonTokeniser.m */; };
		C3B9E30019099A7000E37C8E /* OmSBJsonUTF8Stream.h in Headers */ = {isa = PBXBuildFile; fileRef = C3B9E2E719099A7000E37C8E /* OmSBJsonUTF8Stream.h */; };
		C3B9E30119099A7000E37C8E /* OmSBJsonUTF8Stream.m in Sources */ = {isa = PBXBuildFile; fileRef = C3B9E2E819099A7000E37C8E /* OmSBJsonUTF8Stream.m */; };
		C3B9E30219099A7000E37C8E /* OmSBJsonWriter.h in Headers */ = {isa = PBXBuildFile; fileRef = C3B9E2E919099A7000E37C8E /* OmSBJsonWriter.h */; };
		C3B9E30319099A7000E37C8E /* OmSBJsonWriter.m in Sources */ = {isa = PBXBuildFile; fileRef = C3B9E2EA19099A7000E37C8E /* OmSBJsonWriter.m */; };
/* End PBXBuildFile section */

/* Begin PBXFileReference section */
		2208481D16BE388600659BB8 /* OMTChannelEngine.h */ = {isa = PBXFileReference; fileEncoding = 4; lastKnownFileType = sourcecode.c.h; path = OMTChannelEngine.h; sourceTree = "<group>"; };
		2208481E16BE388600659BB8 /* OMTChannelEngine.m */ = {isa = PBXFileReference; fileEncoding = 4; lastKnownFileType = sourcecode.c.objc; path = OMTChannelEngine.m; sourceTree = "<group>"; };
		22302C621621EA170092A569 /* iOmniataAPI.framework */ = {isa = PBXFileReference; explicitFileType = wrapper.cfbundle; includeInIndex = 0; path = iOmniataAPI.framework; sourceTree = BUILT_PRODUCTS_DIR; };
		22302C661621EA170092A569 /* iOmniataAPI-Info.plist */ = {isa = PBXFileReference; lastKnownFileType = text.plist.xml; path = "iOmniataAPI-Info.plist"; sourceTree = "<group>"; };
		22302C681621EA170092A569 /* en */ = {isa = PBXFileReference; lastKnownFileType = text.plist.strings; name = en; path = en.lproj/InfoPlist.strings; sourceTree = "<group>"; };
		22302C6A1621EA170092A569 /* iOmniataAPI-Prefix.pch */ = {isa = PBXFileReference; lastKnownFileType = sourcecode.c.h; path = "iOmniataAPI-Prefix.pch"; sourceTree = "<group>"; };
		22302C701621EA940092A569 /* iOmniataAPI.h */ = {isa = PBXFileReference; fileEncoding = 4; lastKnownFileType = sourcecode.c.h; path = iOmniataAPI.h; sourceTree = "<group>"; };
		22302C711621EA940092A569 /* iOmniataAPI.m */ = {isa = PBXFileReference; fileEncoding = 4; lastKnownFileType = sourcecode.c.objc; path = iOmniataAPI.m; sourceTree = "<group>"; };
		22302C721621EA940092A569 /* Logger.h */ = {isa = PBXFileReference; fileEncoding = 4; lastKnownFileType = sourcecode.c.h; path = Logger.h; sourceTree = "<group>"; };
		22302C731621EA940092A569 /* Logger.m */ = {isa = PBXFileReference; fileEncoding = 4; lastKnownFileType = sourcecode.c.objc; path = Logger.m; sourceTree = "<group>"; };
		22302C771621EA940092A569 /* OMTConfig.h */ = {isa = PBXFileReference; fileEncoding = 4; lastKnownFileType = sourcecode.c.h; path = OMTConfig.h; sourceTree = "<group>"; };
		22302C781621EA940092A569 /* OMTConfig.m */ = {isa = PBXFileReference; fileEncoding = 4; lastKnownFileType = sourcecode.c.objc; path = OMTConfig.m; sourceTree = "<group>"; };
		22302C791621EA940092A569 /* OMTConstants.h */ = {isa = PBXFileReference; fileEncoding = 4; lastKnownFileType = sourcecode.c.h; path = OMTConstants.h; sourceTree = "<group>"; };
		22302C7A1621EA940092A569 /* OMTConstants.m */ = {isa = PBXFileReference; fileEncoding = 4; lastKnownFileType = sourcecode.c.objc; path = OMTConstants.m; sourceTree = "<group>"; };
		22302C7B1621EA940092A569 /* OMTEngine.h */ = {isa = PBXFileReference; fileEncoding = 4; lastKnownFileType = sourcecode.c.h; path = OMTEngine.h; sourceTree = "<group>"; };
		22302C7C1621EA940092A569 /* OMTEngine.m */ = {isa = PBXFileReference; fileEncoding = 4; lastKnownFileType = sourcecode.c.objc; path = OMTEngine.m; sourceTree = "<group>"; };
		22302C7D1621EA940092A569 /* OMTEvent.h */ = {isa = PBXFileReference; fileEncoding = 4; lastKnownFileType = sourcecode.c.h; path = OMTEvent.h; sourceTree = "<group>"; };
		22302C7E1621EA940092A569 /* OMTEvent.m */ = {isa = PBXFileReference; fileEncoding = 4; lastKnownFileType = sourcecode.c.objc; path = OMTEvent.m; sourceTree = "<group>"; };
		22302C7F1621EA940092A569 /* OMTQueue.h */ = {isa = PBXFileReference; fileEncoding = 4; lastKnownFileType = sourcecode.c.h; path = OMTQueue.h; sourceTree = "<group>"; };
		22302C801621EA940092A569 /* OMTQueue.m */ = {isa = PBXFileReference; fileEncoding = 4; lastKnownFileType = sourcecode.c.objc; path = OMTQueue.m; sourceTree = "<group>"; };
		22302C811621EA940092A569 /* OMTUtils.h */ = {isa = PBXFileReference; fileEncoding = 4; lastKnownFileType = sourcecode.c.h; path = OMTUtils.h; sourceTree = "<group>"; };
		22302C821621EA940092A569 /* OMTUtils.m */ = {isa = PBXFileReference; fileEncoding = 4; lastKnownFileType = sourcecode.c.objc; path = OMTUtils.m; sourceTree = "<group>"; };
		22302C831621EA940092A569 /* Reachability.h */ = {isa = PBXFileReference; fileEncoding = 4; lastKnownFileType = sourcecode.c.h; path = Reachability.h; sourceTree = "<group>"; };
		22302C841621EA940092A569 /* Reachability.m */ = {isa = PBXFileReference; fileEncoding = 4; lastKnownFileType = sourcecode.c.objc; path = Reachability.m; sourceTree = "<group>"; };
		C3B9E2D219099A7000E37C8E /* OmNSObject+SBJson.h */ = {isa = PBXFileReference; fileEncoding = 4; lastKnownFileType = sourcecode.c.h; path = "OmNSObject+SBJson.h"; sourceTree = "<group>"; };
		C3B9E2D319099A7000E37C8E /* OmNSObject+SBJson.m */ = {isa = PBXFileReference; fileEncoding = 4; lastKnownFileType = sourcecode.c.objc; path = "OmNSObject+SBJson.m"; sourceTree = "<group>"; };
		C3B9E2D419099A7000E37C8E /* OmSBJson.h */ = {isa = PBXFileReference; fileEncoding = 4; lastKnownFileType = sourcecode.c.h; path = OmSBJson.h; sourceTree = "<group>"; };
		C3B9E2D519099A7000E37C8E /* OmSBJsonParser.h */ = {isa = PBXFileReference; fileEncoding = 4; lastKnownFileType = sourcecode.c.h; path = OmSBJsonParser.h; sourceTree = "<group>"; };
		C3B9E2D619099A7000E37C8E /* OmSBJsonParser.m */ = {isa = PBXFileReference; fileEncoding = 4; lastKnownFileType = sourcecode.c.objc; path = OmSBJsonParser.m; sourceTree = "<group>"; };
		C3B9E2D719099A7000E37C8E /* OmSBJsonStreamParser.h */ = {isa = PBXFileReference; fileEncoding = 4; lastKnownFileType = sourcecode.c.h; path = OmSBJsonStreamParser.h; sourceTree = "<group>"; };
		C3B9E2D819099A7000E37C8E /* OmSBJsonStreamParser.m */ = {isa = PBXFileReference; fileEncoding = 4; lastKnownFileType = sourcecode.c.objc; path = OmSBJsonStreamParser.m; sourceTree = "<group>"; };
		C3B9E2D919099A7000E37C8E /* OmSBJsonStreamParserAccumulator.h */ = {isa = PBXFileReference; fileEncoding = 4; lastKnownFileType = sourcecode.c.h; path = OmSBJsonStreamParserAccumulator.h; sourceTree = "<group>"; };
		C3B9E2DA19099A7000E37C8E /* OmSBJsonStreamParserAccumulator.m */ = {isa = PBXFileReference; fileEncoding = 4; lastKnownFileType = sourcecode.c.objc; path = OmSBJsonStreamParserAccumulator.m; sourceTree = "<group>"; };
		C3B9E2DB19099A7000E37C8E /* OmSBJsonStreamParserAdapter.h */ = {isa = PBXFileReference; fileEncoding = 4; lastKnownFileType = sourcecode.c.h; path = OmSBJsonStreamParserAdapter.h; sourceTree = "<group>"; };
		C3B9E2DC19099A7000E37C8E /* OmSBJsonStreamParserAdapter.m */ = {isa = PBXFileReference; fileEncoding = 4; lastKnownFileType = sourcecode.c.objc; path = OmSBJsonStreamParserAdapter.m; sourceTree = "<group>"; };
		C3B9E2DD19099A7000E37C8E /* OmSBJsonStreamParserState.h */ = {isa = PBXFileReference; fileEncoding = 4; lastKnownFileType = sourcecode.c.h; path = OmSBJsonStreamParserState.h; sourceTree = "<group>"; };
		C3B9E2DE19099A7000E37C8E /* OmSBJsonStreamParserState.m */ = {isa = PBXFileReference; fileEncoding = 4; lastKnownFileType = sourcecode.c.objc; path = OmSBJsonStreamParserState.m; sourceTree = "<group>"; };
		C3B9E2DF19099A7000E37C8E /* OmSBJsonStreamWriter.h */ = {isa = PBXFileReference; fileEncoding = 4; lastKnownFileType = sourcecode.c.h; path = OmSBJsonStreamWriter.h; sourceTree = "<group>"; };
		C3B9E2E019099A7000E37C8E /* OmSBJsonStreamWriter.m */ = {isa = PBXFileReference; fileEncoding = 4; lastKnownFileType = sourcecode.c.objc; path = OmSBJsonStreamWriter.m; sourceTree = "<group>"; };
		C3B9E2E119099A7000E37C8E /* OmSBJsonStreamWriterAccumulator.h */ = {isa = PBXFileReference; fileEncoding = 4; lastKnownFileType = sourcecode.c.h; path = OmSBJsonStreamWriterAccumulator.h; sourceTree = "<group>"; };
		C3B9E2E219099A7000E37C8E /* OmSBJsonStreamWriterAccumulator.m */ = {isa = PBXFileReference; fileEncoding = 4; lastKnownFileType = sourcecode.c.objc; path = OmSBJsonStreamWriterAccumulator.m; sourceTree = "<group>"; };
		C3B9E2E319099A7000E37C8E /* OmSBJsonStreamWriterState.h */ = {isa = PBXFileReference; fileEncoding = 4; lastKnownFileType = sourcecode.c.h; path = OmSBJsonStreamWriterState.h; sourceTree = "<group>"; };
		C3B9E2E419099A7000E37C8E /* OmSBJsonStreamWriterState.m */ = {isa = PBXFileReference; fileEncoding = 4; lastKnownFileType = sourcecode.c.objc; path = OmSBJsonStreamWriterState.m; sourceTree = "<group>"; };
		C3B9E2E519099A7000E37C8E /* OmSBJsonTokeniser.h */ = {isa = PBXFileReference; fileEncoding = 4; lastKnownFileType = sourcecode.c.h; path = OmSBJsonTokeniser.h; sourceTree = "<group>"; };
		C3B9E2E619099A7000E37C8E /* OmSBJsonTokeniser.m */ = {isa = PBXFileReference; fileEncoding = 4; lastKnownFileType = sourcecode.c.objc; path = OmSBJsonTokeniser.m; sourceTree = "<group>"; };
		C3B9E2E719099A7000E37C8E /* OmSBJsonUTF8Stream.h */ = {isa = PBXFileReference; fileEncoding = 4; lastKnownFileType = sourcecode.c.h; path = OmSBJsonUTF8Stream.h; sourceTree = "<group>"; };
		C3B9E2E819099A7000E37C8E /* OmSBJsonUTF8Stream.m */ = {isa = PBXFileReference; fileEncoding = 4; lastKnownFileType = sourcecode.c.objc; path = OmSBJsonUTF8Stream.m; sourceTree = "<group>"; };
		C3B9E2E919099A7000E37C8E /* OmSBJsonWriter.h */ = {isa = PBXFileReference; fileEncoding = 4; lastKnownFileType = sourcecode.c.h; path = OmSBJsonWriter.h; sourceTree = "<group>"; };
		C3B9E2EA19099A7000E37C8E /* OmSBJsonWriter.m */ = {isa = PBXFileReference; fileEncoding = 4; lastKnownFileType = sourcecode.c.objc; path = OmSBJsonWriter.m; sourceTree = "<group>"; };
/* End PBXFileReference section */

/* Begin PBXFrameworksBuildPhase section */
		22302C5C1621EA170092A569 /* Frameworks */ = {
			isa = PBXFrameworksBuildPhase;
			buildActionMask = 2147483647;
			files = (
			);
			runOnlyForDeploymentPostprocessing = 0;
		};
/* End PBXFrameworksBuildPhase section */

/* Begin PBXGroup section */
		22302C531621EA170092A569 = {
			isa = PBXGroup;
			children = (
				22302C641621EA170092A569 /* iOmniataAPI */,
				22302C631621EA170092A569 /* Products */,
			);
			sourceTree = "<group>";
		};
		22302C631621EA170092A569 /* Products */ = {
			isa = PBXGroup;
			children = (
				22302C621621EA170092A569 /* iOmniataAPI.framework */,
			);
			name = Products;
			sourceTree = "<group>";
		};
		22302C641621EA170092A569 /* iOmniataAPI */ = {
			isa = PBXGroup;
			children = (
				2208481D16BE388600659BB8 /* OMTChannelEngine.h */,
				2208481E16BE388600659BB8 /* OMTChannelEngine.m */,
				22302C701621EA940092A569 /* iOmniataAPI.h */,
				22302C711621EA940092A569 /* iOmniataAPI.m */,
				22302C721621EA940092A569 /* Logger.h */,
				22302C731621EA940092A569 /* Logger.m */,
				22302C771621EA940092A569 /* OMTConfig.h */,
				22302C781621EA940092A569 /* OMTConfig.m */,
				22302C791621EA940092A569 /* OMTConstants.h */,
				22302C7A1621EA940092A569 /* OMTConstants.m */,
				22302C7B1621EA940092A569 /* OMTEngine.h */,
				22302C7C1621EA940092A569 /* OMTEngine.m */,
				22302C7D1621EA940092A569 /* OMTEvent.h */,
				22302C7E1621EA940092A569 /* OMTEvent.m */,
				22302C7F1621EA940092A569 /* OMTQueue.h */,
				22302C801621EA940092A569 /* OMTQueue.m */,
				22302C811621EA940092A569 /* OMTUtils.h */,
				22302C821621EA940092A569 /* OMTUtils.m */,
				22302C831621EA940092A569 /* Reachability.h */,
				22302C841621EA940092A569 /* Reachability.m */,
				22302C851621EA940092A569 /* SBJson */,
				22302C651621EA170092A569 /* Supporting Files */,
			);
			path = iOmniataAPI;
			sourceTree = "<group>";
		};
		22302C651621EA170092A569 /* Supporting Files */ = {
			isa = PBXGroup;
			children = (
				22302C661621EA170092A569 /* iOmniataAPI-Info.plist */,
				22302C671621EA170092A569 /* InfoPlist.strings */,
				22302C6A1621EA170092A569 /* iOmniataAPI-Prefix.pch */,
			);
			name = "Supporting Files";
			sourceTree = "<group>";
		};
		22302C851621EA940092A569 /* SBJson */ = {
			isa = PBXGroup;
			children = (
				C3B9E2D219099A7000E37C8E /* OmNSObject+SBJson.h */,
				C3B9E2D319099A7000E37C8E /* OmNSObject+SBJson.m */,
				C3B9E2D419099A7000E37C8E /* OmSBJson.h */,
				C3B9E2D519099A7000E37C8E /* OmSBJsonParser.h */,
				C3B9E2D619099A7000E37C8E /* OmSBJsonParser.m */,
				C3B9E2D719099A7000E37C8E /* OmSBJsonStreamParser.h */,
				C3B9E2D819099A7000E37C8E /* OmSBJsonStreamParser.m */,
				C3B9E2D919099A7000E37C8E /* OmSBJsonStreamParserAccumulator.h */,
				C3B9E2DA19099A7000E37C8E /* OmSBJsonStreamParserAccumulator.m */,
				C3B9E2DB19099A7000E37C8E /* OmSBJsonStreamParserAdapter.h */,
				C3B9E2DC19099A7000E37C8E /* OmSBJsonStreamParserAdapter.m */,
				C3B9E2DD19099A7000E37C8E /* OmSBJsonStreamParserState.h */,
				C3B9E2DE19099A7000E37C8E /* OmSBJsonStreamParserState.m */,
				C3B9E2DF19099A7000E37C8E /* OmSBJsonStreamWriter.h */,
				C3B9E2E019099A7000E37C8E /* OmSBJsonStreamWriter.m */,
				C3B9E2E119099A7000E37C8E /* OmSBJsonStreamWriterAccumulator.h */,
				C3B9E2E219099A7000E37C8E /* OmSBJsonStreamWriterAccumulator.m */,
				C3B9E2E319099A7000E37C8E /* OmSBJsonStreamWriterState.h */,
				C3B9E2E419099A7000E37C8E /* OmSBJsonStreamWriterState.m */,
				C3B9E2E519099A7000E37C8E /* OmSBJsonTokeniser.h */,
				C3B9E2E619099A7000E37C8E /* OmSBJsonTokeniser.m */,
				C3B9E2E719099A7000E37C8E /* OmSBJsonUTF8Stream.h */,
				C3B9E2E819099A7000E37C8E /* OmSBJsonUTF8Stream.m */,
				C3B9E2E919099A7000E37C8E /* OmSBJsonWriter.h */,
				C3B9E2EA19099A7000E37C8E /* OmSBJsonWriter.m */,
			);
			path = SBJson;
			sourceTree = "<group>";
		};
/* End PBXGroup section */

/* Begin PBXHeadersBuildPhase section */
		22302C5D1621EA170092A569 /* Headers */ = {
			isa = PBXHeadersBuildPhase;
			buildActionMask = 2147483647;
			files = (
				22302C9F1621EA950092A569 /* iOmniataAPI.h in Headers */,
				C3B9E2F619099A7000E37C8E /* OmSBJsonStreamParserState.h in Headers */,
				22302CA11621EA950092A569 /* Logger.h in Headers */,
				C3B9E2EE19099A7000E37C8E /* OmSBJsonParser.h in Headers */,
				C3B9E2F819099A7000E37C8E /* OmSBJsonStreamWriter.h in Headers */,
				C3B9E2FA19099A7000E37C8E /* OmSBJsonStreamWriterAccumulator.h in Headers */,
				C3B9E2FC19099A7000E37C8E /* OmSBJsonStreamWriterState.h in Headers */,
				22302CA61621EA950092A569 /* OMTConfig.h in Headers */,
				22302CA81621EA950092A569 /* OMTConstants.h in Headers */,
				22302CAA1621EA950092A569 /* OMTEngine.h in Headers */,
				C3B9E2FE19099A7000E37C8E /* OmSBJsonTokeniser.h in Headers */,
				C3B9E2F019099A7000E37C8E /* OmSBJsonStreamParser.h in Headers */,
				C3B9E30019099A7000E37C8E /* OmSBJsonUTF8Stream.h in Headers */,
				C3B9E2EB19099A7000E37C8E /* OmNSObject+SBJson.h in Headers */,
				C3B9E2F419099A7000E37C8E /* OmSBJsonStreamParserAdapter.h in Headers */,
				22302CB21621EA950092A569 /* Reachability.h in Headers */,
				22302CAC1621EA950092A569 /* OMTEvent.h in Headers */,
				22302CAE1621EA950092A569 /* OMTQueue.h in Headers */,
				22302CB01621EA950092A569 /* OMTUtils.h in Headers */,
				2208481F16BE388600659BB8 /* OMTChannelEngine.h in Headers */,
				C3B9E2ED19099A7000E37C8E /* OmSBJson.h in Headers */,
				C3B9E30219099A7000E37C8E /* OmSBJsonWriter.h in Headers */,
				C3B9E2F219099A7000E37C8E /* OmSBJsonStreamParserAccumulator.h in Headers */,
			);
			runOnlyForDeploymentPostprocessing = 0;
		};
/* End PBXHeadersBuildPhase section */

/* Begin PBXNativeTarget section */
		22302C611621EA170092A569 /* iOmniataAPI */ = {
			isa = PBXNativeTarget;
			buildConfigurationList = 22302C6D1621EA170092A569 /* Build configuration list for PBXNativeTarget "iOmniataAPI" */;
			buildPhases = (
				22302C5A1621EA170092A569 /* ShellScript */,
				22302C5B1621EA170092A569 /* Sources */,
				22302C5C1621EA170092A569 /* Frameworks */,
				22302C5D1621EA170092A569 /* Headers */,
				22302C5E1621EA170092A569 /* Resources */,
				22302C5F1621EA170092A569 /* ShellScript */,
				22302C601621EA170092A569 /* ShellScript */,
			);
			buildRules = (
			);
			dependencies = (
			);
			name = iOmniataAPI;
			productName = iOmniataAPI;
			productReference = 22302C621621EA170092A569 /* iOmniataAPI.framework */;
			productType = "com.apple.product-type.bundle";
		};
/* End PBXNativeTarget section */

/* Begin PBXProject section */
		22302C551621EA170092A569 /* Project object */ = {
			isa = PBXProject;
			attributes = {
				LastUpgradeCheck = 0460;
				ORGANIZATIONNAME = "Rosmy Sebastian";
			};
			buildConfigurationList = 22302C581621EA170092A569 /* Build configuration list for PBXProject "iOmniataAPI" */;
			compatibilityVersion = "Xcode 3.2";
			developmentRegion = English;
			hasScannedForEncodings = 0;
			knownRegions = (
				en,
			);
			mainGroup = 22302C531621EA170092A569;
			productRefGroup = 22302C631621EA170092A569 /* Products */;
			projectDirPath = "";
			projectRoot = "";
			targets = (
				22302C611621EA170092A569 /* iOmniataAPI */,
			);
		};
/* End PBXProject section */

/* Begin PBXResourcesBuildPhase section */
		22302C5E1621EA170092A569 /* Resources */ = {
			isa = PBXResourcesBuildPhase;
			buildActionMask = 2147483647;
			files = (
				22302C691621EA170092A569 /* InfoPlist.strings in Resources */,
			);
			runOnlyForDeploymentPostprocessing = 0;
		};
/* End PBXResourcesBuildPhase section */

/* Begin PBXShellScriptBuildPhase section */
		22302C5A1621EA170092A569 /* ShellScript */ = {
			isa = PBXShellScriptBuildPhase;
			buildActionMask = 2147483647;
			files = (
			);
			inputPaths = (
			);
			outputPaths = (
			);
			runOnlyForDeploymentPostprocessing = 0;
			shellPath = /bin/sh;
			shellScript = "set -e\n\nset +u\nif [[ $UFW_MASTER_SCRIPT_RUNNING ]]\nthen\n    # Nothing for the slave script to do\n    exit 0\nfi\nset -u\n\nif [[ \"$SDK_NAME\" =~ ([A-Za-z]+) ]]\nthen\n    UFW_SDK_PLATFORM=${BASH_REMATCH[1]}\nelse\n    echo \"Could not find platform name from SDK_NAME: $SDK_NAME\"\n    exit 1\nfi\n\nif [[ \"$SDK_NAME\" =~ ([0-9]+.*$) ]]\nthen\n\tUFW_SDK_VERSION=${BASH_REMATCH[1]}\nelse\n    echo \"Could not find sdk version  from SDK_NAME: $SDK_NAME\"\n    exit 1\nfi\n\nif [[ \"$UFW_SDK_PLATFORM\" = \"iphoneos\" ]]\nthen\n    UFW_OTHER_PLATFORM=iphonesimulator\nelse\n    UFW_OTHER_PLATFORM=iphoneos\nfi\n\nif [[ \"$BUILT_PRODUCTS_DIR\" =~ (.*)$UFW_SDK_PLATFORM$ ]]\nthen\n    UFW_OTHER_BUILT_PRODUCTS_DIR=\"${BASH_REMATCH[1]}${UFW_OTHER_PLATFORM}\"\nelse\n    echo \"Could not find $UFW_SDK_PLATFORM in $BUILT_PRODUCTS_DIR\"\n    exit 1\nfi\n\n\n# Short-circuit if all binaries are up to date\n\nif [[ -f \"${BUILT_PRODUCTS_DIR}/${EXECUTABLE_PATH}\" ]] && \\\n   [[ -f \"${BUILT_PRODUCTS_DIR}/${PRODUCT_NAME}.embeddedframework/${EXECUTABLE_PATH}\" ]] && \\\n   [[ ! \"${BUILT_PRODUCTS_DIR}/${EXECUTABLE_PATH}\" -nt \"${BUILT_PRODUCTS_DIR}/${PRODUCT_NAME}.embeddedframework/${EXECUTABLE_PATH}\" ]]\n   [[ -f \"${UFW_OTHER_BUILT_PRODUCTS_DIR}/${EXECUTABLE_PATH}\" ]] && \\\n   [[ -f \"${UFW_OTHER_BUILT_PRODUCTS_DIR}/${PRODUCT_NAME}.embeddedframework/${EXECUTABLE_PATH}\" ]] && \\\n   [[ ! \"${UFW_OTHER_BUILT_PRODUCTS_DIR}/${EXECUTABLE_PATH}\" -nt \"${UFW_OTHER_BUILT_PRODUCTS_DIR}/${PRODUCT_NAME}.embeddedframework/${EXECUTABLE_PATH}\" ]]\nthen\n    exit 0\nfi\n\n\n# Clean other platform if needed\n\nif [[ ! -f \"${BUILT_PRODUCTS_DIR}/${EXECUTABLE_PATH}\" ]]\nthen\n\techo \"Platform \\\"$UFW_SDK_PLATFORM\\\" was cleaned recently. Cleaning \\\"$UFW_OTHER_PLATFORM\\\" as well\"\n\techo xcodebuild -project \"${PROJECT_FILE_PATH}\" -target \"${TARGET_NAME}\" -configuration \"${CONFIGURATION}\" -sdk ${UFW_OTHER_PLATFORM}${UFW_SDK_VERSION} BUILD_DIR=\"${BUILD_DIR}\" CONFIGURATION_TEMP_DIR=\"${PROJECT_TEMP_DIR}/${CONFIGURATION}-${UFW_OTHER_PLATFORM}\" clean\n\txcodebuild -project \"${PROJECT_FILE_PATH}\" -target \"${TARGET_NAME}\" -configuration \"${CONFIGURATION}\" -sdk ${UFW_OTHER_PLATFORM}${UFW_SDK_VERSION} BUILD_DIR=\"${BUILD_DIR}\" CONFIGURATION_TEMP_DIR=\"${PROJECT_TEMP_DIR}/${CONFIGURATION}-${UFW_OTHER_PLATFORM}\" clean\nfi\n\n\n# Make sure we are building from fresh binaries\n\nrm -rf \"${BUILT_PRODUCTS_DIR}/${EXECUTABLE_PATH}\"\nrm -rf \"${BUILT_PRODUCTS_DIR}/${PRODUCT_NAME}.embeddedframework\"\nrm -rf \"${UFW_OTHER_BUILT_PRODUCTS_DIR}/${EXECUTABLE_PATH}\"\nrm -rf \"${UFW_OTHER_BUILT_PRODUCTS_DIR}/${PRODUCT_NAME}.embeddedframework\"\n";
		};
		22302C5F1621EA170092A569 /* ShellScript */ = {
			isa = PBXShellScriptBuildPhase;
			buildActionMask = 2147483647;
			files = (
			);
			inputPaths = (
			);
			outputPaths = (
			);
			runOnlyForDeploymentPostprocessing = 0;
			shellPath = /bin/sh;
			shellScript = "HEADERS_ROOT=$SRCROOT/$PRODUCT_NAME\nFRAMEWORK_HEADERS_DIR=\"$BUILT_PRODUCTS_DIR/$WRAPPER_NAME/Versions/$FRAMEWORK_VERSION/Headers\"\n\n## only header files expected at this point\nPUBLIC_HEADERS=$(find $FRAMEWORK_HEADERS_DIR/. -not -type d 2> /dev/null | sed -e \"s@.*/@@g\")\n\nFIND_OPTS=\"\"\nfor PUBLIC_HEADER in $PUBLIC_HEADERS; do\n  if [ -n \"$FIND_OPTS\" ]; then\n    FIND_OPTS=\"$FIND_OPTS -o\"\n  fi\n  FIND_OPTS=\"$FIND_OPTS -name '$PUBLIC_HEADER'\"\ndone\n\nif [ -n \"$FIND_OPTS\" ]; then\n  for ORIG_HEADER in $(eval \"find $HEADERS_ROOT/. $FIND_OPTS\" 2> /dev/null | sed -e \"s@^$HEADERS_ROOT/./@@g\"); do\n    PUBLIC_HEADER=$(basename $ORIG_HEADER)\n    RELATIVE_PATH=$(dirname $ORIG_HEADER)\n    if [ -e $FRAMEWORK_HEADERS_DIR/$PUBLIC_HEADER ]; then\n      mkdir -p \"$FRAMEWORK_HEADERS_DIR/$RELATIVE_PATH\"\n      mv \"$FRAMEWORK_HEADERS_DIR/$PUBLIC_HEADER\" \"$FRAMEWORK_HEADERS_DIR/$RELATIVE_PATH/$PUBLIC_HEADER\"\n    fi\n  done\nfi\n";
		};
		22302C601621EA170092A569 /* ShellScript */ = {
			isa = PBXShellScriptBuildPhase;
			buildActionMask = 2147483647;
			files = (
			);
			inputPaths = (
			);
			outputPaths = (
			);
			runOnlyForDeploymentPostprocessing = 0;
			shellPath = /bin/sh;
			shellScript = "set -e\n\nset +u\nif [[ $UFW_MASTER_SCRIPT_RUNNING ]]\nthen\n    # Nothing for the slave script to do\n    exit 0\nfi\nset -u\nexport UFW_MASTER_SCRIPT_RUNNING=1\n\n\n# Functions\n\n## List files in the specified directory, storing to the specified array.\n#\n# @param $1 The path to list\n# @param $2 The name of the array to fill\n#\n##\nlist_files ()\n{\n    filelist=$(ls \"$1\")\n    while read line\n    do\n        eval \"$2[\\${#$2[*]}]=\\\"\\$line\\\"\"\n    done <<< \"$filelist\"\n}\n\n\n# Sanity check\n\nif [[ ! -f \"${BUILT_PRODUCTS_DIR}/${EXECUTABLE_PATH}\" ]]\nthen\n    echo \"Framework target \\\"${TARGET_NAME}\\\" had no source files to build from. Make sure your source files have the correct target membership\"\n    exit 1\nfi\n\n\n# Gather information\n\nif [[ \"$SDK_NAME\" =~ ([A-Za-z]+) ]]\nthen\n    UFW_SDK_PLATFORM=${BASH_REMATCH[1]}\nelse\n    echo \"Could not find platform name from SDK_NAME: $SDK_NAME\"\n    exit 1\nfi\n\nif [[ \"$SDK_NAME\" =~ ([0-9]+.*$) ]]\nthen\n    UFW_SDK_VERSION=${BASH_REMATCH[1]}\nelse\n    echo \"Could not find sdk version from SDK_NAME: $SDK_NAME\"\n    exit 1\nfi\n\nif [[ \"$UFW_SDK_PLATFORM\" = \"iphoneos\" ]]\nthen\n    UFW_OTHER_PLATFORM=iphonesimulator\nelse\n    UFW_OTHER_PLATFORM=iphoneos\nfi\n\nif [[ \"$BUILT_PRODUCTS_DIR\" =~ (.*)$UFW_SDK_PLATFORM$ ]]\nthen\n    UFW_OTHER_BUILT_PRODUCTS_DIR=\"${BASH_REMATCH[1]}${UFW_OTHER_PLATFORM}\"\nelse\n    echo \"Could not find $UFW_SDK_PLATFORM in $BUILT_PRODUCTS_DIR\"\n    exit 1\nfi\n\n\n# Short-circuit if all binaries are up to date.\n# We already checked the other platform in the prerun script.\n\nif [[ -f \"${BUILT_PRODUCTS_DIR}/${EXECUTABLE_PATH}\" ]] && [[ -f \"${BUILT_PRODUCTS_DIR}/${PRODUCT_NAME}.embeddedframework/${EXECUTABLE_PATH}\" ]] && [[ ! \"${BUILT_PRODUCTS_DIR}/${EXECUTABLE_PATH}\" -nt \"${BUILT_PRODUCTS_DIR}/${PRODUCT_NAME}.embeddedframework/${EXECUTABLE_PATH}\" ]]\nthen\n    exit 0\nfi\n\n\n# Make sure the other platform gets built\n\necho \"Build other platform\"\n\necho xcodebuild -project \"${PROJECT_FILE_PATH}\" -target \"${TARGET_NAME}\" -configuration \"${CONFIGURATION}\" -sdk ${UFW_OTHER_PLATFORM}${UFW_SDK_VERSION} BUILD_DIR=\"${BUILD_DIR}\" CONFIGURATION_TEMP_DIR=\"${PROJECT_TEMP_DIR}/${CONFIGURATION}-${UFW_OTHER_PLATFORM}\" $ACTION\nxcodebuild -project \"${PROJECT_FILE_PATH}\" -target \"${TARGET_NAME}\" -configuration \"${CONFIGURATION}\" -sdk ${UFW_OTHER_PLATFORM}${UFW_SDK_VERSION} BUILD_DIR=\"${BUILD_DIR}\" CONFIGURATION_TEMP_DIR=\"${PROJECT_TEMP_DIR}/${CONFIGURATION}-${UFW_OTHER_PLATFORM}\" $ACTION\n\n\n# Build the fat static library binary\n\necho \"Create universal static library\"\n\necho \"$PLATFORM_DEVELOPER_BIN_DIR/libtool\" -static \"${BUILT_PRODUCTS_DIR}/${EXECUTABLE_PATH}\" \"${UFW_OTHER_BUILT_PRODUCTS_DIR}/${EXECUTABLE_PATH}\" -o \"${BUILT_PRODUCTS_DIR}/${EXECUTABLE_PATH}.temp\"\n\"$PLATFORM_DEVELOPER_BIN_DIR/libtool\" -static \"${BUILT_PRODUCTS_DIR}/${EXECUTABLE_PATH}\" \"${UFW_OTHER_BUILT_PRODUCTS_DIR}/${EXECUTABLE_PATH}\" -o \"${BUILT_PRODUCTS_DIR}/${EXECUTABLE_PATH}.temp\"\n\necho mv \"${BUILT_PRODUCTS_DIR}/${EXECUTABLE_PATH}.temp\" \"${BUILT_PRODUCTS_DIR}/${EXECUTABLE_PATH}\"\nmv \"${BUILT_PRODUCTS_DIR}/${EXECUTABLE_PATH}.temp\" \"${BUILT_PRODUCTS_DIR}/${EXECUTABLE_PATH}\"\n\n\n# Build framework structure\n\necho \"Build symlinks\"\n\necho ln -sfh A \"${BUILT_PRODUCTS_DIR}/${WRAPPER_NAME}/Versions/Current\"\nln -sfh A \"${BUILT_PRODUCTS_DIR}/${WRAPPER_NAME}/Versions/Current\"\necho ln -sfh Versions/Current/Headers \"${BUILT_PRODUCTS_DIR}/${WRAPPER_NAME}/Headers\"\nln -sfh Versions/Current/Headers \"${BUILT_PRODUCTS_DIR}/${WRAPPER_NAME}/Headers\"\necho ln -sfh Versions/Current/Resources \"${BUILT_PRODUCTS_DIR}/${WRAPPER_NAME}/Resources\"\nln -sfh Versions/Current/Resources \"${BUILT_PRODUCTS_DIR}/${WRAPPER_NAME}/Resources\"\necho ln -sfh \"Versions/Current/${EXECUTABLE_NAME}\" \"${BUILT_PRODUCTS_DIR}/${WRAPPER_NAME}/${EXECUTABLE_NAME}\"\nln -sfh \"Versions/Current/${EXECUTABLE_NAME}\" \"${BUILT_PRODUCTS_DIR}/${WRAPPER_NAME}/${EXECUTABLE_NAME}\"\n\n\n# Link to binary for unit tests\n\nmkdir -p \"${BUILT_PRODUCTS_DIR}/.fake_fw_testing.framework\"\nln -sfh \"../${WRAPPER_NAME}/${EXECUTABLE_NAME}\" \"${BUILT_PRODUCTS_DIR}/.fake_fw_testing.framework/.fake_fw_testing\"\n\n\n# Build embedded framework structure\n\necho \"Build Embedded Framework\"\n\necho rm -rf \"${BUILT_PRODUCTS_DIR}/${PRODUCT_NAME}.embeddedframework\"\nrm -rf \"${BUILT_PRODUCTS_DIR}/${PRODUCT_NAME}.embeddedframework\"\necho mkdir -p \"${BUILT_PRODUCTS_DIR}/${PRODUCT_NAME}.embeddedframework/Resources\"\nmkdir -p \"${BUILT_PRODUCTS_DIR}/${PRODUCT_NAME}.embeddedframework/Resources\"\necho cp -a \"${BUILT_PRODUCTS_DIR}/${WRAPPER_NAME}\" \"${BUILT_PRODUCTS_DIR}/${PRODUCT_NAME}.embeddedframework/\"\ncp -a \"${BUILT_PRODUCTS_DIR}/${WRAPPER_NAME}\" \"${BUILT_PRODUCTS_DIR}/${PRODUCT_NAME}.embeddedframework/\"\n\ndeclare -a UFW_FILE_LIST\nlist_files \"${BUILT_PRODUCTS_DIR}/${UNLOCALIZED_RESOURCES_FOLDER_PATH}\" UFW_FILE_LIST\nfor filename in \"${UFW_FILE_LIST[@]}\"\ndo\n    if [[ \"${filename}\" != \"Info.plist\" ]] && [[ ! \"${filename}\" =~ .*\\.lproj$ ]]\n    then\n        echo ln -sfh \"../${WRAPPER_NAME}/Resources/${filename}\" \"${BUILT_PRODUCTS_DIR}/${PRODUCT_NAME}.embeddedframework/Resources/${filename}\"\n        ln -sfh \"../${WRAPPER_NAME}/Resources/${filename}\" \"${BUILT_PRODUCTS_DIR}/${PRODUCT_NAME}.embeddedframework/Resources/${filename}\"\n    fi\ndone\n\n\n# Replace other platform's framework with a copy of this one (so that both have the same universal binary)\n\necho \"Copy from $UFW_SDK_PLATFORM to $UFW_OTHER_PLATFORM\"\n\necho rm -rf \"${BUILD_DIR}/${CONFIGURATION}-${UFW_OTHER_PLATFORM}\"\nrm -rf \"${BUILD_DIR}/${CONFIGURATION}-${UFW_OTHER_PLATFORM}\"\necho cp -a \"${BUILD_DIR}/${CONFIGURATION}-${UFW_SDK_PLATFORM}\" \"${BUILD_DIR}/${CONFIGURATION}-${UFW_OTHER_PLATFORM}\"\ncp -a \"${BUILD_DIR}/${CONFIGURATION}-${UFW_SDK_PLATFORM}\" \"${BUILD_DIR}/${CONFIGURATION}-${UFW_OTHER_PLATFORM}\"\n";
		};
/* End PBXShellScriptBuildPhase section */

/* Begin PBXSourcesBuildPhase section */
		22302C5B1621EA170092A569 /* Sources */ = {
			isa = PBXSourcesBuildPhase;
			buildActionMask = 2147483647;
			files = (
				C3B9E2F519099A7000E37C8E /* OmSBJsonStreamParserAdapter.m in Sources */,
				C3B9E30119099A7000E37C8E /* OmSBJsonUTF8Stream.m in Sources */,
				22302CA01621EA950092A569 /* iOmniataAPI.m in Sources */,
				22302CA21621EA950092A569 /* Logger.m in Sources */,
				22302CA71621EA950092A569 /* OMTConfig.m in Sources */,
				22302CA91621EA950092A569 /* OMTConstants.m in Sources */,
				C3B9E2FF19099A7000E37C8E /* OmSBJsonTokeniser.m in Sources */,
				C3B9E30319099A7000E37C8E /* OmSBJsonWriter.m in Sources */,
				C3B9E2F919099A7000E37C8E /* OmSBJsonStreamWriter.m in Sources */,
				C3B9E2F319099A7000E37C8E /* OmSBJsonStreamParserAccumulator.m in Sources */,
				22302CAB1621EA950092A569 /* OMTEngine.m in Sources */,
				C3B9E2FD19099A7000E37C8E /* OmSBJsonStreamWriterState.m in Sources */,
				22302CAD1621EA950092A569 /* OMTEvent.m in Sources */,
				22302CAF1621EA950092A569 /* OMTQueue.m in Sources */,
				C3B9E2FB19099A7000E37C8E /* OmSBJsonStreamWriterAccumulator.m in Sources */,
				C3B9E2EC19099A7000E37C8E /* OmNSObject+SBJson.m in Sources */,
				22302CB11621EA950092A569 /* OMTUtils.m in Sources */,
				C3B9E2F719099A7000E37C8E /* OmSBJsonStreamParserState.m in Sources */,
				22302CB31621EA950092A569 /* Reachability.m in Sources */,
				2208482016BE388600659BB8 /* OMTChannelEngine.m in Sources */,
				C3B9E2F119099A7000E37C8E /* OmSBJsonStreamParser.m in Sources */,
				C3B9E2EF19099A7000E37C8E /* OmSBJsonParser.m in Sources */,
			);
			runOnlyForDeploymentPostprocessing = 0;
		};
/* End PBXSourcesBuildPhase section */

/* Begin PBXVariantGroup section */
		22302C671621EA170092A569 /* InfoPlist.strings */ = {
			isa = PBXVariantGroup;
			children = (
				22302C681621EA170092A569 /* en */,
			);
			name = InfoPlist.strings;
			sourceTree = "<group>";
		};
/* End PBXVariantGroup section */

/* Begin XCBuildConfiguration section */
		22302C6B1621EA170092A569 /* Debug */ = {
			isa = XCBuildConfiguration;
			buildSettings = {
				ALWAYS_SEARCH_USER_PATHS = NO;
				ARCHS = "$(ARCHS_STANDARD_32_BIT)";
				CLANG_CXX_LANGUAGE_STANDARD = "gnu++0x";
				CLANG_ENABLE_OBJC_ARC = YES;
				CLANG_WARN_CONSTANT_CONVERSION = YES;
				CLANG_WARN_ENUM_CONVERSION = YES;
				CLANG_WARN_INT_CONVERSION = YES;
				CLANG_WARN__DUPLICATE_METHOD_MATCH = YES;
				COPY_PHASE_STRIP = NO;
				GCC_C_LANGUAGE_STANDARD = gnu99;
				GCC_DYNAMIC_NO_PIC = NO;
				GCC_OPTIMIZATION_LEVEL = 0;
				GCC_PREPROCESSOR_DEFINITIONS = (
					"DEBUG=1",
					"$(inherited)",
				);
				GCC_SYMBOLS_PRIVATE_EXTERN = NO;
				GCC_VERSION = com.apple.compilers.llvm.clang.1_0;
				GCC_WARN_ABOUT_RETURN_TYPE = YES;
				GCC_WARN_UNINITIALIZED_AUTOS = YES;
				GCC_WARN_UNUSED_VARIABLE = YES;
				IPHONEOS_DEPLOYMENT_TARGET = 6.1;
				SDKROOT = iphoneos;
			};
			name = Debug;
		};
		22302C6C1621EA170092A569 /* Release */ = {
			isa = XCBuildConfiguration;
			buildSettings = {
				ALWAYS_SEARCH_USER_PATHS = NO;
				ARCHS = "$(ARCHS_STANDARD_32_BIT)";
				CLANG_CXX_LANGUAGE_STANDARD = "gnu++0x";
				CLANG_ENABLE_OBJC_ARC = YES;
				CLANG_WARN_CONSTANT_CONVERSION = YES;
				CLANG_WARN_ENUM_CONVERSION = YES;
				CLANG_WARN_INT_CONVERSION = YES;
				CLANG_WARN__DUPLICATE_METHOD_MATCH = YES;
				COPY_PHASE_STRIP = YES;
				GCC_C_LANGUAGE_STANDARD = gnu99;
				GCC_VERSION = com.apple.compilers.llvm.clang.1_0;
				GCC_WARN_ABOUT_RETURN_TYPE = YES;
				GCC_WARN_UNINITIALIZED_AUTOS = YES;
				GCC_WARN_UNUSED_VARIABLE = YES;
				IPHONEOS_DEPLOYMENT_TARGET = 6.1;
				SDKROOT = iphoneos;
				VALIDATE_PRODUCT = YES;
			};
			name = Release;
		};
		22302C6E1621EA170092A569 /* Debug */ = {
			isa = XCBuildConfiguration;
			buildSettings = {
				ARCHS = "$(ARCHS_STANDARD_INCLUDING_64_BIT)";
				CONTENTS_FOLDER_PATH = "$(WRAPPER_NAME)/Versions/$(FRAMEWORK_VERSION)";
				DEAD_CODE_STRIPPING = NO;
				DYLIB_COMPATIBILITY_VERSION = 1;
				DYLIB_CURRENT_VERSION = 1;
				FRAMEWORK_VERSION = A;
				GCC_PRECOMPILE_PREFIX_HEADER = YES;
				GCC_PREFIX_HEADER = "iOmniataAPI/iOmniataAPI-Prefix.pch";
				GCC_THUMB_SUPPORT = NO;
				INFOPLIST_FILE = "iOmniataAPI/iOmniataAPI-Info.plist";
				INFOPLIST_PATH = "$(UNLOCALIZED_RESOURCES_FOLDER_PATH)/Info.plist";
				INSTALL_PATH = "$(BUILT_PRODUCTS_DIR)";
				LINK_WITH_STANDARD_LIBRARIES = NO;
				MACH_O_TYPE = mh_object;
				PRODUCT_NAME = "$(TARGET_NAME)";
				SKIP_INSTALL = YES;
				UNLOCALIZED_RESOURCES_FOLDER_PATH = "$(CONTENTS_FOLDER_PATH)/Resources";
				WRAPPER_EXTENSION = framework;
			};
			name = Debug;
		};
		22302C6F1621EA170092A569 /* Release */ = {
			isa = XCBuildConfiguration;
			buildSettings = {
				ARCHS = "$(ARCHS_STANDARD_INCLUDING_64_BIT)";
				CONTENTS_FOLDER_PATH = "$(WRAPPER_NAME)/Versions/$(FRAMEWORK_VERSION)";
				DEAD_CODE_STRIPPING = NO;
				DYLIB_COMPATIBILITY_VERSION = 1;
				DYLIB_CURRENT_VERSION = 1;
				FRAMEWORK_VERSION = A;
				GCC_PRECOMPILE_PREFIX_HEADER = YES;
				GCC_PREFIX_HEADER = "iOmniataAPI/iOmniataAPI-Prefix.pch";
				GCC_THUMB_SUPPORT = NO;
				INFOPLIST_FILE = "iOmniataAPI/iOmniataAPI-Info.plist";
				INFOPLIST_PATH = "$(UNLOCALIZED_RESOURCES_FOLDER_PATH)/Info.plist";
				INSTALL_PATH = "$(BUILT_PRODUCTS_DIR)";
				LINK_WITH_STANDARD_LIBRARIES = NO;
				MACH_O_TYPE = mh_object;
				PRODUCT_NAME = "$(TARGET_NAME)";
				SKIP_INSTALL = YES;
				UNLOCALIZED_RESOURCES_FOLDER_PATH = "$(CONTENTS_FOLDER_PATH)/Resources";
				WRAPPER_EXTENSION = framework;
			};
			name = Release;
		};
/* End XCBuildConfiguration section */

/* Begin XCConfigurationList section */
		22302C581621EA170092A569 /* Build configuration list for PBXProject "iOmniataAPI" */ = {
			isa = XCConfigurationList;
			buildConfigurations = (
				22302C6B1621EA170092A569 /* Debug */,
				22302C6C1621EA170092A569 /* Release */,
			);
			defaultConfigurationIsVisible = 0;
			defaultConfigurationName = Release;
		};
		22302C6D1621EA170092A569 /* Build configuration list for PBXNativeTarget "iOmniataAPI" */ = {
			isa = XCConfigurationList;
			buildConfigurations = (
				22302C6E1621EA170092A569 /* Debug */,
				22302C6F1621EA170092A569 /* Release */,
			);
			defaultConfigurationIsVisible = 0;
			defaultConfigurationName = Release;
		};
/* End XCConfigurationList section */
	};
	rootObject = 22302C551621EA170092A569 /* Project object */;
}
